# THIS IS AN AUTOGENERATED FILE. DO NOT EDIT THIS FILE DIRECTLY.
# yarn lockfile v1


"@stablelib/benchmark@^0.2.5":
  version "0.2.5"
  resolved "https://registry.yarnpkg.com/@stablelib/benchmark/-/benchmark-0.2.5.tgz#4f03128e62991aa4ddb4db527f4b5bb3a6b960ba"

"@stablelib/binary@^0.2.5":
  version "0.2.5"
  resolved "https://registry.yarnpkg.com/@stablelib/binary/-/binary-0.2.5.tgz#bf0b01565abb31a3f6653e808d8655e36eeb5476"
  dependencies:
    "@stablelib/int" "^0.2.5"

"@stablelib/constant-time@^0.2.5":
  version "0.2.5"
  resolved "https://registry.yarnpkg.com/@stablelib/constant-time/-/constant-time-0.2.5.tgz#cf5b502ffb9621bfb10315688aa3a314702df6f5"

"@stablelib/hex@^0.2.5":
  version "0.2.5"
  resolved "https://registry.yarnpkg.com/@stablelib/hex/-/hex-0.2.5.tgz#3a3743b26c19943bd7e49f4431396e1e15dbc9bb"

"@stablelib/int@^0.2.5":
  version "0.2.5"
  resolved "https://registry.yarnpkg.com/@stablelib/int/-/int-0.2.5.tgz#acab581a2574ee571a9b80f1eef6fdaacd61832e"

"@stablelib/wipe@^0.2.5":
  version "0.2.5"
  resolved "https://registry.yarnpkg.com/@stablelib/wipe/-/wipe-0.2.5.tgz#7be7ad3b8ef3a66cbfe1d0d3fe1ca7dd840ea48c"
