{
  "name": "@stablelib/utf8",
  "version": "1.0.2",
  "lockfileVersion": 3,
  "requires": true,
  "packages": {
    "": {
      "name": "@stablelib/utf8",
      "version": "1.0.1",
      "license": "MIT",
      "devDependencies": {
        "@stablelib/benchmark": "^1.0.1",
        "@stablelib/hex": "^1.0.1"
      }
    },
    "../benchmark": {
      "name": "@stablelib/benchmark",
      "version": "1.0.1",
      "dev": true,
      "license": "MIT"
    },
    "../hex": {
      "name": "@stablelib/hex",
      "version": "1.0.1",
      "dev": true,
      "license": "MIT",
      "devDependencies": {
        "@stablelib/benchmark": "^1.0.1"
      }
    },
    "../hex/node_modules/@stablelib/benchmark": {
      "resolved": "../benchmark",
      "link": true
    },
    "node_modules/@stablelib/benchmark": {
      "resolved": "../benchmark",
      "link": true
    },
    "node_modules/@stablelib/hex": {
      "resolved": "../hex",
      "link": true
    }
  }
}
